
Microsoft Visual Studio Solution File, Format Version 12.00
# Visual Studio Version 17
VisualStudioVersion = 17.6.33723.286
MinimumVisualStudioVersion = 10.0.40219.1
Project("{FAE04EC0-301F-11D3-BF4B-00C04F79EFBC}") = "TodoLibrary", "TodoLibrary\TodoLibrary.csproj", "{D4879265-403E-4493-9123-CE65C2C8606F}"
EndProject
Project("{FAE04EC0-301F-11D3-BF4B-00C04F79EFBC}") = "TodoApi", "TodoApi\TodoApi.csproj", "{7D155CB7-7947-4A1F-BD90-23B01F4A904B}"
EndProject
Global
	GlobalSection(SolutionConfigurationPlatforms) = preSolution
		Debug|Any CPU = Debug|Any CPU
		Release|Any CPU = Release|Any CPU
	EndGlobalSection
	GlobalSection(ProjectConfigurationPlatforms) = postSolution
		{D4879265-403E-4493-9123-CE65C2C8606F}.Debug|Any CPU.ActiveCfg = Debug|Any CPU
		{D4879265-403E-4493-9123-CE65C2C8606F}.Debug|Any CPU.Build.0 = Debug|Any CPU
		{D4879265-403E-4493-9123-CE65C2C8606F}.Release|Any CPU.ActiveCfg = Release|Any CPU
		{D4879265-403E-4493-9123-CE65C2C8606F}.Release|Any CPU.Build.0 = Release|Any CPU
		{7D155CB7-7947-4A1F-BD90-23B01F4A904B}.Debug|Any CPU.ActiveCfg = Debug|Any CPU
		{7D155CB7-7947-4A1F-BD90-23B01F4A904B}.Debug|Any CPU.Build.0 = Debug|Any CPU
		{7D155CB7-7947-4A1F-BD90-23B01F4A904B}.Release|Any CPU.ActiveCfg = Release|Any CPU
		{7D155CB7-7947-4A1F-BD90-23B01F4A904B}.Release|Any CPU.Build.0 = Release|Any CPU
	EndGlobalSection
	GlobalSection(SolutionProperties) = preSolution
		HideSolutionNode = FALSE
	EndGlobalSection
	GlobalSection(ExtensibilityGlobals) = postSolution
		SolutionGuid = {C8715DF2-84F5-450B-B92A-D42B13A0BD8E}
	EndGlobalSection
EndGlobal
